PODS:
  - Flutter (1.0.0)
  - open_filex (0.0.2):
    - Flutter
  - pdfx (1.0.0):
    - Flutter

DEPENDENCIES:
  - Flutter (from `Flutter`)
  - open_filex (from `.symlinks/plugins/open_filex/ios`)
  - pdfx (from `.symlinks/plugins/pdfx/ios`)

EXTERNAL SOURCES:
  Flutter:
    :path: Flutter
  open_filex:
    :path: ".symlinks/plugins/open_filex/ios"
  pdfx:
    :path: ".symlinks/plugins/pdfx/ios"

SPEC CHECKSUMS:
  Flutter: cabc95a1d2626b1b06e7179b784ebcf0c0cde467
  open_filex: 432f3cd11432da3e39f47fcc0df2b1603854eff1
  pdfx: 77f4dddc48361fbb01486fa2bdee4532cbb97ef3

PODFILE CHECKSUM: 05a32edf770650081bfe2a1c732bbde794dd1296

COCOAPODS: 1.16.2
